
Microsoft Visual Studio Solution File, Format Version 12.00
# Visual Studio Version 16
VisualStudioVersion = 16.0.30104.148
MinimumVisualStudioVersion = 10.0.40219.1
Project("{9A19103F-16F7-4668-BE54-9A1E7A4F7556}") = "ETicaret.PL", "ETicaret.PL\ETicaret.PL.csproj", "{B09FF231-223E-4F57-88AB-871D837A43B4}"
EndProject
Project("{9A19103F-16F7-4668-BE54-9A1E7A4F7556}") = "ETicaret.BL", "ETicaret.BL\ETicaret.BL.csproj", "{DC6248B1-7066-4BEE-BD35-1BB7BF2B9AA2}"
EndProject
Project("{9A19103F-16F7-4668-BE54-9A1E7A4F7556}") = "ETicaret.DAL", "ETicaret.DAL\ETicaret.DAL.csproj", "{41F5ED10-8545-4275-964B-547EF8D888C9}"
EndProject
Project("{FAE04EC0-301F-11D3-BF4B-00C04F79EFBC}") = "ETicaret.Entities", "ETicaret.Entities\ETicaret.Entities.csproj", "{302471DF-1E26-4684-929A-92A736A08E00}"
EndProject
Global
	GlobalSection(SolutionConfigurationPlatforms) = preSolution
		Debug|Any CPU = Debug|Any CPU
		Release|Any CPU = Release|Any CPU
	EndGlobalSection
	GlobalSection(ProjectConfigurationPlatforms) = postSolution
		{B09FF231-223E-4F57-88AB-871D837A43B4}.Debug|Any CPU.ActiveCfg = Debug|Any CPU
		{B09FF231-223E-4F57-88AB-871D837A43B4}.Debug|Any CPU.Build.0 = Debug|Any CPU
		{B09FF231-223E-4F57-88AB-871D837A43B4}.Release|Any CPU.ActiveCfg = Release|Any CPU
		{B09FF231-223E-4F57-88AB-871D837A43B4}.Release|Any CPU.Build.0 = Release|Any CPU
		{DC6248B1-7066-4BEE-BD35-1BB7BF2B9AA2}.Debug|Any CPU.ActiveCfg = Debug|Any CPU
		{DC6248B1-7066-4BEE-BD35-1BB7BF2B9AA2}.Debug|Any CPU.Build.0 = Debug|Any CPU
		{DC6248B1-7066-4BEE-BD35-1BB7BF2B9AA2}.Release|Any CPU.ActiveCfg = Release|Any CPU
		{DC6248B1-7066-4BEE-BD35-1BB7BF2B9AA2}.Release|Any CPU.Build.0 = Release|Any CPU
		{41F5ED10-8545-4275-964B-547EF8D888C9}.Debug|Any CPU.ActiveCfg = Debug|Any CPU
		{41F5ED10-8545-4275-964B-547EF8D888C9}.Debug|Any CPU.Build.0 = Debug|Any CPU
		{41F5ED10-8545-4275-964B-547EF8D888C9}.Release|Any CPU.ActiveCfg = Release|Any CPU
		{41F5ED10-8545-4275-964B-547EF8D888C9}.Release|Any CPU.Build.0 = Release|Any CPU
		{302471DF-1E26-4684-929A-92A736A08E00}.Debug|Any CPU.ActiveCfg = Debug|Any CPU
		{302471DF-1E26-4684-929A-92A736A08E00}.Debug|Any CPU.Build.0 = Debug|Any CPU
		{302471DF-1E26-4684-929A-92A736A08E00}.Release|Any CPU.ActiveCfg = Release|Any CPU
		{302471DF-1E26-4684-929A-92A736A08E00}.Release|Any CPU.Build.0 = Release|Any CPU
	EndGlobalSection
	GlobalSection(SolutionProperties) = preSolution
		HideSolutionNode = FALSE
	EndGlobalSection
	GlobalSection(ExtensibilityGlobals) = postSolution
		SolutionGuid = {88C49D3A-D209-4689-9E5B-8C0A39D170B8}
	EndGlobalSection
EndGlobal
